// !$*UTF8*$!
{
	archiveVersion = 1;
	classes = {
	};
	objectVersion = 50;
	objects = {

/* Begin PBXBuildFile section */
		6F67AB0322FD7FB400F4F599 /* AppDelegate.swift in Sources */ = {isa = PBXBuildFile; fileRef = 6F67AB0222FD7FB400F4F599 /* AppDelegate.swift */; };
		6F67AB0522FD7FB400F4F599 /* AddLocationVC.swift in Sources */ = {isa = PBXBuildFile; fileRef = 6F67AB0422FD7FB400F4F599 /* AddLocationVC.swift */; };
		6F67AB0822FD7FB400F4F599 /* Main.storyboard in Resources */ = {isa = PBXBuildFile; fileRef = 6F67AB0622FD7FB400F4F599 /* Main.storyboard */; };
		6F67AB0B22FD7FB400F4F599 /* DarkWeather.xcdatamodeld in Sources */ = {isa = PBXBuildFile; fileRef = 6F67AB0922FD7FB400F4F599 /* DarkWeather.xcdatamodeld */; };
		6F67AB0D22FD7FB600F4F599 /* Assets.xcassets in Resources */ = {isa = PBXBuildFile; fileRef = 6F67AB0C22FD7FB600F4F599 /* Assets.xcassets */; };
		6F67AB1022FD7FB600F4F599 /* LaunchScreen.storyboard in Resources */ = {isa = PBXBuildFile; fileRef = 6F67AB0E22FD7FB600F4F599 /* LaunchScreen.storyboard */; };
		6F67AB2322FD89AA00F4F599 /* RESTful.swift in Sources */ = {isa = PBXBuildFile; fileRef = 6F67AB2222FD89AA00F4F599 /* RESTful.swift */; };
		6F67AB2722FD8D4D00F4F599 /* Secrets.swift in Sources */ = {isa = PBXBuildFile; fileRef = 6F67AB2522FD8D4D00F4F599 /* Secrets.swift */; };
		6F67AB2822FD8D4D00F4F599 /* Constants.swift in Sources */ = {isa = PBXBuildFile; fileRef = 6F67AB2622FD8D4D00F4F599 /* Constants.swift */; };
		6F67AB2D22FD91D600F4F599 /* Forecast.swift in Sources */ = {isa = PBXBuildFile; fileRef = 6F67AB2C22FD91D600F4F599 /* Forecast.swift */; };
		6F67AB3322FE38F900F4F599 /* LocationListVC.swift in Sources */ = {isa = PBXBuildFile; fileRef = 6F67AB3222FE38F900F4F599 /* LocationListVC.swift */; };
		6F67AB3722FE3C2600F4F599 /* LocationCell.swift in Sources */ = {isa = PBXBuildFile; fileRef = 6F67AB3522FE3C2600F4F599 /* LocationCell.swift */; };
		6F67AB3822FE3C2600F4F599 /* LocationCell.xib in Resources */ = {isa = PBXBuildFile; fileRef = 6F67AB3622FE3C2600F4F599 /* LocationCell.xib */; };
		6F67AB3A22FE6DBF00F4F599 /* Currently.swift in Sources */ = {isa = PBXBuildFile; fileRef = 6F67AB3922FE6DBF00F4F599 /* Currently.swift */; };
		6F67AB3C22FE6DE200F4F599 /* Daily.swift in Sources */ = {isa = PBXBuildFile; fileRef = 6F67AB3B22FE6DE200F4F599 /* Daily.swift */; };
		6F67AB4222FE847E00F4F599 /* DarkSkyService.swift in Sources */ = {isa = PBXBuildFile; fileRef = 6F67AB4122FE847E00F4F599 /* DarkSkyService.swift */; };
		6FF05B6322FED08800108E87 /* ForecastLocationService.swift in Sources */ = {isa = PBXBuildFile; fileRef = 6FF05B6222FED08800108E87 /* ForecastLocationService.swift */; };
		6FF05B6622FFB41900108E87 /* ForecastDetailVC.swift in Sources */ = {isa = PBXBuildFile; fileRef = 6FF05B6522FFB41900108E87 /* ForecastDetailVC.swift */; };
		6FF05B6A23012B8800108E87 /* ForecastCell.swift in Sources */ = {isa = PBXBuildFile; fileRef = 6FF05B6823012B8800108E87 /* ForecastCell.swift */; };
		6FF05B6B23012B8800108E87 /* ForecastCell.xib in Resources */ = {isa = PBXBuildFile; fileRef = 6FF05B6923012B8800108E87 /* ForecastCell.xib */; };
		6FF05B6D230131F400108E87 /* ForecastDetailVC+UICollectionView.swift in Sources */ = {isa = PBXBuildFile; fileRef = 6FF05B6C230131F400108E87 /* ForecastDetailVC+UICollectionView.swift */; };
		6FF05B6F23013FF900108E87 /* LocationListVC+UITableView.swift in Sources */ = {isa = PBXBuildFile; fileRef = 6FF05B6E23013FF900108E87 /* LocationListVC+UITableView.swift */; };
		6FF05B7923014AA600108E87 /* BorderTextField.swift in Sources */ = {isa = PBXBuildFile; fileRef = 6FF05B7823014AA600108E87 /* BorderTextField.swift */; };
		6FF05B7C23014C5200108E87 /* BorderButton.swift in Sources */ = {isa = PBXBuildFile; fileRef = 6FF05B7B23014C5200108E87 /* BorderButton.swift */; };
/* End PBXBuildFile section */

/* Begin PBXFileReference section */
		6F67AAFF22FD7FB400F4F599 /* DarkWeather.app */ = {isa = PBXFileReference; explicitFileType = wrapper.application; includeInIndex = 0; path = DarkWeather.app; sourceTree = BUILT_PRODUCTS_DIR; };
		6F67AB0222FD7FB400F4F599 /* AppDelegate.swift */ = {isa = PBXFileReference; lastKnownFileType = sourcecode.swift; path = AppDelegate.swift; sourceTree = "<group>"; };
		6F67AB0422FD7FB400F4F599 /* AddLocationVC.swift */ = {isa = PBXFileReference; lastKnownFileType = sourcecode.swift; path = AddLocationVC.swift; sourceTree = "<group>"; };
		6F67AB0722FD7FB400F4F599 /* Base */ = {isa = PBXFileReference; lastKnownFileType = file.storyboard; name = Base; path = Base.lproj/Main.storyboard; sourceTree = "<group>"; };
		6F67AB0A22FD7FB400F4F599 /* DarkWeather.xcdatamodel */ = {isa = PBXFileReference; lastKnownFileType = wrapper.xcdatamodel; path = DarkWeather.xcdatamodel; sourceTree = "<group>"; };
		6F67AB0C22FD7FB600F4F599 /* Assets.xcassets */ = {isa = PBXFileReference; lastKnownFileType = folder.assetcatalog; path = Assets.xcassets; sourceTree = "<group>"; };
		6F67AB0F22FD7FB600F4F599 /* Base */ = {isa = PBXFileReference; lastKnownFileType = file.storyboard; name = Base; path = Base.lproj/LaunchScreen.storyboard; sourceTree = "<group>"; };
		6F67AB1122FD7FB600F4F599 /* Info.plist */ = {isa = PBXFileReference; lastKnownFileType = text.plist.xml; path = Info.plist; sourceTree = "<group>"; };
		6F67AB2222FD89AA00F4F599 /* RESTful.swift */ = {isa = PBXFileReference; fileEncoding = 4; lastKnownFileType = sourcecode.swift; path = RESTful.swift; sourceTree = "<group>"; };
		6F67AB2522FD8D4D00F4F599 /* Secrets.swift */ = {isa = PBXFileReference; fileEncoding = 4; lastKnownFileType = sourcecode.swift; path = Secrets.swift; sourceTree = "<group>"; };
		6F67AB2622FD8D4D00F4F599 /* Constants.swift */ = {isa = PBXFileReference; fileEncoding = 4; lastKnownFileType = sourcecode.swift; path = Constants.swift; sourceTree = "<group>"; };
		6F67AB2C22FD91D600F4F599 /* Forecast.swift */ = {isa = PBXFileReference; lastKnownFileType = sourcecode.swift; path = Forecast.swift; sourceTree = "<group>"; };
		6F67AB3222FE38F900F4F599 /* LocationListVC.swift */ = {isa = PBXFileReference; lastKnownFileType = sourcecode.swift; path = LocationListVC.swift; sourceTree = "<group>"; };
		6F67AB3522FE3C2600F4F599 /* LocationCell.swift */ = {isa = PBXFileReference; lastKnownFileType = sourcecode.swift; path = LocationCell.swift; sourceTree = "<group>"; };
		6F67AB3622FE3C2600F4F599 /* LocationCell.xib */ = {isa = PBXFileReference; lastKnownFileType = file.xib; path = LocationCell.xib; sourceTree = "<group>"; };
		6F67AB3922FE6DBF00F4F599 /* Currently.swift */ = {isa = PBXFileReference; lastKnownFileType = sourcecode.swift; path = Currently.swift; sourceTree = "<group>"; };
		6F67AB3B22FE6DE200F4F599 /* Daily.swift */ = {isa = PBXFileReference; lastKnownFileType = sourcecode.swift; path = Daily.swift; sourceTree = "<group>"; };
		6F67AB4122FE847E00F4F599 /* DarkSkyService.swift */ = {isa = PBXFileReference; lastKnownFileType = sourcecode.swift; path = DarkSkyService.swift; sourceTree = "<group>"; };
		6FF05B6222FED08800108E87 /* ForecastLocationService.swift */ = {isa = PBXFileReference; lastKnownFileType = sourcecode.swift; path = ForecastLocationService.swift; sourceTree = "<group>"; };
		6FF05B6522FFB41900108E87 /* ForecastDetailVC.swift */ = {isa = PBXFileReference; lastKnownFileType = sourcecode.swift; path = ForecastDetailVC.swift; sourceTree = "<group>"; };
		6FF05B6823012B8800108E87 /* ForecastCell.swift */ = {isa = PBXFileReference; lastKnownFileType = sourcecode.swift; path = ForecastCell.swift; sourceTree = "<group>"; };
		6FF05B6923012B8800108E87 /* ForecastCell.xib */ = {isa = PBXFileReference; lastKnownFileType = file.xib; path = ForecastCell.xib; sourceTree = "<group>"; };
		6FF05B6C230131F400108E87 /* ForecastDetailVC+UICollectionView.swift */ = {isa = PBXFileReference; lastKnownFileType = sourcecode.swift; path = "ForecastDetailVC+UICollectionView.swift"; sourceTree = "<group>"; };
		6FF05B6E23013FF900108E87 /* LocationListVC+UITableView.swift */ = {isa = PBXFileReference; lastKnownFileType = sourcecode.swift; path = "LocationListVC+UITableView.swift"; sourceTree = "<group>"; };
		6FF05B7823014AA600108E87 /* BorderTextField.swift */ = {isa = PBXFileReference; lastKnownFileType = sourcecode.swift; path = BorderTextField.swift; sourceTree = "<group>"; };
		6FF05B7B23014C5200108E87 /* BorderButton.swift */ = {isa = PBXFileReference; lastKnownFileType = sourcecode.swift; path = BorderButton.swift; sourceTree = "<group>"; };
/* End PBXFileReference section */

/* Begin PBXFrameworksBuildPhase section */
		6F67AAFC22FD7FB400F4F599 /* Frameworks */ = {
			isa = PBXFrameworksBuildPhase;
			buildActionMask = 2147483647;
			files = (
			);
			runOnlyForDeploymentPostprocessing = 0;
		};
/* End PBXFrameworksBuildPhase section */

/* Begin PBXGroup section */
		6F67AAF622FD7FB400F4F599 = {
			isa = PBXGroup;
			children = (
				6F67AB0122FD7FB400F4F599 /* DarkWeather */,
				6F67AB0022FD7FB400F4F599 /* Products */,
			);
			sourceTree = "<group>";
		};
		6F67AB0022FD7FB400F4F599 /* Products */ = {
			isa = PBXGroup;
			children = (
				6F67AAFF22FD7FB400F4F599 /* DarkWeather.app */,
			);
			name = Products;
			sourceTree = "<group>";
		};
		6F67AB0122FD7FB400F4F599 /* DarkWeather */ = {
			isa = PBXGroup;
			children = (
				6F67AB1922FD7FCA00F4F599 /* Controller */,
				6F67AB1722FD7FBD00F4F599 /* Model */,
				6F67AB1822FD7FC500F4F599 /* View */,
				6F67AB1F22FD86A400F4F599 /* Resources */,
				6F67AB2922FD8D9B00F4F599 /* Services */,
				6F67AB1B22FD7FFF00F4F599 /* Storyboards */,
				6F67AB1C22FD844600F4F599 /* Supporting Files */,
				6F67AB2422FD8CE300F4F599 /* Utils */,
			);
			path = DarkWeather;
			sourceTree = "<group>";
		};
		6F67AB1722FD7FBD00F4F599 /* Model */ = {
			isa = PBXGroup;
			children = (
				6F67AB2C22FD91D600F4F599 /* Forecast.swift */,
				6F67AB3922FE6DBF00F4F599 /* Currently.swift */,
				6F67AB3B22FE6DE200F4F599 /* Daily.swift */,
			);
			path = Model;
			sourceTree = "<group>";
		};
		6F67AB1822FD7FC500F4F599 /* View */ = {
			isa = PBXGroup;
			children = (
				6FF05B72230147A800108E87 /* UI */,
				6F67AB1E22FD866200F4F599 /* Cells */,
			);
			path = View;
			sourceTree = "<group>";
		};
		6F67AB1922FD7FCA00F4F599 /* Controller */ = {
			isa = PBXGroup;
			children = (
				6F67AB3122FE38E600F4F599 /* LocationList */,
				6F67AB2022FD872900F4F599 /* AddLocation */,
				6FF05B6422FFB3DA00108E87 /* ForecastDetail */,
			);
			path = Controller;
			sourceTree = "<group>";
		};
		6F67AB1B22FD7FFF00F4F599 /* Storyboards */ = {
			isa = PBXGroup;
			children = (
				6F67AB0622FD7FB400F4F599 /* Main.storyboard */,
			);
			path = Storyboards;
			sourceTree = "<group>";
		};
		6F67AB1C22FD844600F4F599 /* Supporting Files */ = {
			isa = PBXGroup;
			children = (
				6F67AB0222FD7FB400F4F599 /* AppDelegate.swift */,
				6F67AB0922FD7FB400F4F599 /* DarkWeather.xcdatamodeld */,
				6F67AB1122FD7FB600F4F599 /* Info.plist */,
				6F67AB0E22FD7FB600F4F599 /* LaunchScreen.storyboard */,
			);
			path = "Supporting Files";
			sourceTree = "<group>";
		};
		6F67AB1E22FD866200F4F599 /* Cells */ = {
			isa = PBXGroup;
			children = (
				6F67AB3422FE3BFE00F4F599 /* LocationList */,
				6FF05B6723012B6800108E87 /* ForecastCell */,
			);
			path = Cells;
			sourceTree = "<group>";
		};
		6F67AB1F22FD86A400F4F599 /* Resources */ = {
			isa = PBXGroup;
			children = (
				6F67AB0C22FD7FB600F4F599 /* Assets.xcassets */,
			);
			path = Resources;
			sourceTree = "<group>";
		};
		6F67AB2022FD872900F4F599 /* AddLocation */ = {
			isa = PBXGroup;
			children = (
				6F67AB0422FD7FB400F4F599 /* AddLocationVC.swift */,
			);
			path = AddLocation;
			sourceTree = "<group>";
		};
		6F67AB2122FD896500F4F599 /* Networking */ = {
			isa = PBXGroup;
			children = (
				6F67AB2222FD89AA00F4F599 /* RESTful.swift */,
			);
			path = Networking;
			sourceTree = "<group>";
		};
		6F67AB2422FD8CE300F4F599 /* Utils */ = {
			isa = PBXGroup;
			children = (
				6F67AB2622FD8D4D00F4F599 /* Constants.swift */,
				6F67AB2522FD8D4D00F4F599 /* Secrets.swift */,
			);
			path = Utils;
			sourceTree = "<group>";
		};
		6F67AB2922FD8D9B00F4F599 /* Services */ = {
			isa = PBXGroup;
			children = (
				6F67AB3F22FE846400F4F599 /* API */,
				6F67AB2122FD896500F4F599 /* Networking */,
				6FF05B6222FED08800108E87 /* ForecastLocationService.swift */,
			);
			path = Services;
			sourceTree = "<group>";
		};
		6F67AB3122FE38E600F4F599 /* LocationList */ = {
			isa = PBXGroup;
			children = (
				6F67AB3222FE38F900F4F599 /* LocationListVC.swift */,
				6FF05B6E23013FF900108E87 /* LocationListVC+UITableView.swift */,
			);
			path = LocationList;
			sourceTree = "<group>";
		};
		6F67AB3422FE3BFE00F4F599 /* LocationList */ = {
			isa = PBXGroup;
			children = (
				6F67AB3522FE3C2600F4F599 /* LocationCell.swift */,
				6F67AB3622FE3C2600F4F599 /* LocationCell.xib */,
			);
			path = LocationList;
			sourceTree = "<group>";
		};
		6F67AB3F22FE846400F4F599 /* API */ = {
			isa = PBXGroup;
			children = (
				6F67AB4022FE846A00F4F599 /* DarkSky */,
			);
			path = API;
			sourceTree = "<group>";
		};
		6F67AB4022FE846A00F4F599 /* DarkSky */ = {
			isa = PBXGroup;
			children = (
				6F67AB4122FE847E00F4F599 /* DarkSkyService.swift */,
			);
			path = DarkSky;
			sourceTree = "<group>";
		};
		6FF05B6422FFB3DA00108E87 /* ForecastDetail */ = {
			isa = PBXGroup;
			children = (
				6FF05B6522FFB41900108E87 /* ForecastDetailVC.swift */,
				6FF05B6C230131F400108E87 /* ForecastDetailVC+UICollectionView.swift */,
			);
			path = ForecastDetail;
			sourceTree = "<group>";
		};
		6FF05B6723012B6800108E87 /* ForecastCell */ = {
			isa = PBXGroup;
			children = (
				6FF05B6823012B8800108E87 /* ForecastCell.swift */,
				6FF05B6923012B8800108E87 /* ForecastCell.xib */,
			);
			path = ForecastCell;
			sourceTree = "<group>";
		};
		6FF05B72230147A800108E87 /* UI */ = {
			isa = PBXGroup;
			children = (
				6FF05B7A23014C3500108E87 /* UIButton */,
				6FF05B7623014A5700108E87 /* UITextField */,
			);
			path = UI;
			sourceTree = "<group>";
		};
		6FF05B7623014A5700108E87 /* UITextField */ = {
			isa = PBXGroup;
			children = (
				6FF05B7823014AA600108E87 /* BorderTextField.swift */,
			);
			path = UITextField;
			sourceTree = "<group>";
		};
		6FF05B7A23014C3500108E87 /* UIButton */ = {
			isa = PBXGroup;
			children = (
				6FF05B7B23014C5200108E87 /* BorderButton.swift */,
			);
			path = UIButton;
			sourceTree = "<group>";
		};
/* End PBXGroup section */

/* Begin PBXNativeTarget section */
		6F67AAFE22FD7FB400F4F599 /* DarkWeather */ = {
			isa = PBXNativeTarget;
			buildConfigurationList = 6F67AB1422FD7FB600F4F599 /* Build configuration list for PBXNativeTarget "DarkWeather" */;
			buildPhases = (
				6F67AAFB22FD7FB400F4F599 /* Sources */,
				6F67AAFC22FD7FB400F4F599 /* Frameworks */,
				6F67AAFD22FD7FB400F4F599 /* Resources */,
			);
			buildRules = (
			);
			dependencies = (
			);
			name = DarkWeather;
			productName = DarkWeather;
			productReference = 6F67AAFF22FD7FB400F4F599 /* DarkWeather.app */;
			productType = "com.apple.product-type.application";
		};
/* End PBXNativeTarget section */

/* Begin PBXProject section */
		6F67AAF722FD7FB400F4F599 /* Project object */ = {
			isa = PBXProject;
			attributes = {
				LastSwiftUpdateCheck = 1030;
				LastUpgradeCheck = 1030;
				ORGANIZATIONNAME = "Bogdan Dovgopol";
				TargetAttributes = {
					6F67AAFE22FD7FB400F4F599 = {
						CreatedOnToolsVersion = 10.3;
					};
				};
			};
			buildConfigurationList = 6F67AAFA22FD7FB400F4F599 /* Build configuration list for PBXProject "DarkWeather" */;
			compatibilityVersion = "Xcode 9.3";
			developmentRegion = en;
			hasScannedForEncodings = 0;
			knownRegions = (
				en,
				Base,
			);
			mainGroup = 6F67AAF622FD7FB400F4F599;
			productRefGroup = 6F67AB0022FD7FB400F4F599 /* Products */;
			projectDirPath = "";
			projectRoot = "";
			targets = (
				6F67AAFE22FD7FB400F4F599 /* DarkWeather */,
			);
		};
/* End PBXProject section */

/* Begin PBXResourcesBuildPhase section */
		6F67AAFD22FD7FB400F4F599 /* Resources */ = {
			isa = PBXResourcesBuildPhase;
			buildActionMask = 2147483647;
			files = (
				6F67AB1022FD7FB600F4F599 /* LaunchScreen.storyboard in Resources */,
				6F67AB0D22FD7FB600F4F599 /* Assets.xcassets in Resources */,
				6FF05B6B23012B8800108E87 /* ForecastCell.xib in Resources */,
				6F67AB3822FE3C2600F4F599 /* LocationCell.xib in Resources */,
				6F67AB0822FD7FB400F4F599 /* Main.storyboard in Resources */,
			);
			runOnlyForDeploymentPostprocessing = 0;
		};
/* End PBXResourcesBuildPhase section */

/* Begin PBXSourcesBuildPhase section */
		6F67AAFB22FD7FB400F4F599 /* Sources */ = {
			isa = PBXSourcesBuildPhase;
			buildActionMask = 2147483647;
			files = (
				6F67AB0B22FD7FB400F4F599 /* DarkWeather.xcdatamodeld in Sources */,
				6F67AB2722FD8D4D00F4F599 /* Secrets.swift in Sources */,
				6F67AB3A22FE6DBF00F4F599 /* Currently.swift in Sources */,
				6FF05B6F23013FF900108E87 /* LocationListVC+UITableView.swift in Sources */,
				6FF05B7923014AA600108E87 /* BorderTextField.swift in Sources */,
				6F67AB2D22FD91D600F4F599 /* Forecast.swift in Sources */,
				6FF05B6622FFB41900108E87 /* ForecastDetailVC.swift in Sources */,
				6FF05B6D230131F400108E87 /* ForecastDetailVC+UICollectionView.swift in Sources */,
				6F67AB2322FD89AA00F4F599 /* RESTful.swift in Sources */,
				6F67AB0522FD7FB400F4F599 /* AddLocationVC.swift in Sources */,
				6F67AB3322FE38F900F4F599 /* LocationListVC.swift in Sources */,
				6F67AB3722FE3C2600F4F599 /* LocationCell.swift in Sources */,
				6FF05B7C23014C5200108E87 /* BorderButton.swift in Sources */,
				6F67AB4222FE847E00F4F599 /* DarkSkyService.swift in Sources */,
				6FF05B6A23012B8800108E87 /* ForecastCell.swift in Sources */,
				6F67AB3C22FE6DE200F4F599 /* Daily.swift in Sources */,
				6F67AB0322FD7FB400F4F599 /* AppDelegate.swift in Sources */,
				6FF05B6322FED08800108E87 /* ForecastLocationService.swift in Sources */,
				6F67AB2822FD8D4D00F4F599 /* Constants.swift in Sources */,
			);
			runOnlyForDeploymentPostprocessing = 0;
		};
/* End PBXSourcesBuildPhase section */

/* Begin PBXVariantGroup section */
		6F67AB0622FD7FB400F4F599 /* Main.storyboard */ = {
			isa = PBXVariantGroup;
			children = (
				6F67AB0722FD7FB400F4F599 /* Base */,
			);
			name = Main.storyboard;
			sourceTree = "<group>";
		};
		6F67AB0E22FD7FB600F4F599 /* LaunchScreen.storyboard */ = {
			isa = PBXVariantGroup;
			children = (
				6F67AB0F22FD7FB600F4F599 /* Base */,
			);
			name = LaunchScreen.storyboard;
			sourceTree = "<group>";
		};
/* End PBXVariantGroup section */

/* Begin XCBuildConfiguration section */
		6F67AB1222FD7FB600F4F599 /* Debug */ = {
			isa = XCBuildConfiguration;
			buildSettings = {
				ALWAYS_SEARCH_USER_PATHS = NO;
				CLANG_ANALYZER_NONNULL = YES;
				CLANG_ANALYZER_NUMBER_OBJECT_CONVERSION = YES_AGGRESSIVE;
				CLANG_CXX_LANGUAGE_STANDARD = "gnu++14";
				CLANG_CXX_LIBRARY = "libc++";
				CLANG_ENABLE_MODULES = YES;
				CLANG_ENABLE_OBJC_ARC = YES;
				CLANG_ENABLE_OBJC_WEAK = YES;
				CLANG_WARN_BLOCK_CAPTURE_AUTORELEASING = YES;
				CLANG_WARN_BOOL_CONVERSION = YES;
				CLANG_WARN_COMMA = YES;
				CLANG_WARN_CONSTANT_CONVERSION = YES;
				CLANG_WARN_DEPRECATED_OBJC_IMPLEMENTATIONS = YES;
				CLANG_WARN_DIRECT_OBJC_ISA_USAGE = YES_ERROR;
				CLANG_WARN_DOCUMENTATION_COMMENTS = YES;
				CLANG_WARN_EMPTY_BODY = YES;
				CLANG_WARN_ENUM_CONVERSION = YES;
				CLANG_WARN_INFINITE_RECURSION = YES;
				CLANG_WARN_INT_CONVERSION = YES;
				CLANG_WARN_NON_LITERAL_NULL_CONVERSION = YES;
				CLANG_WARN_OBJC_IMPLICIT_RETAIN_SELF = YES;
				CLANG_WARN_OBJC_LITERAL_CONVERSION = YES;
				CLANG_WARN_OBJC_ROOT_CLASS = YES_ERROR;
				CLANG_WARN_RANGE_LOOP_ANALYSIS = YES;
				CLANG_WARN_STRICT_PROTOTYPES = YES;
				CLANG_WARN_SUSPICIOUS_MOVE = YES;
				CLANG_WARN_UNGUARDED_AVAILABILITY = YES_AGGRESSIVE;
				CLANG_WARN_UNREACHABLE_CODE = YES;
				CLANG_WARN__DUPLICATE_METHOD_MATCH = YES;
				CODE_SIGN_IDENTITY = "iPhone Developer";
				COPY_PHASE_STRIP = NO;
				DEBUG_INFORMATION_FORMAT = dwarf;
				ENABLE_STRICT_OBJC_MSGSEND = YES;
				ENABLE_TESTABILITY = YES;
				GCC_C_LANGUAGE_STANDARD = gnu11;
				GCC_DYNAMIC_NO_PIC = NO;
				GCC_NO_COMMON_BLOCKS = YES;
				GCC_OPTIMIZATION_LEVEL = 0;
				GCC_PREPROCESSOR_DEFINITIONS = (
					"DEBUG=1",
					"$(inherited)",
				);
				GCC_WARN_64_TO_32_BIT_CONVERSION = YES;
				GCC_WARN_ABOUT_RETURN_TYPE = YES_ERROR;
				GCC_WARN_UNDECLARED_SELECTOR = YES;
				GCC_WARN_UNINITIALIZED_AUTOS = YES_AGGRESSIVE;
				GCC_WARN_UNUSED_FUNCTION = YES;
				GCC_WARN_UNUSED_VARIABLE = YES;
				IPHONEOS_DEPLOYMENT_TARGET = 12.4;
				MTL_ENABLE_DEBUG_INFO = INCLUDE_SOURCE;
				MTL_FAST_MATH = YES;
				ONLY_ACTIVE_ARCH = YES;
				SDKROOT = iphoneos;
				SWIFT_ACTIVE_COMPILATION_CONDITIONS = DEBUG;
				SWIFT_OPTIMIZATION_LEVEL = "-Onone";
			};
			name = Debug;
		};
		6F67AB1322FD7FB600F4F599 /* Release */ = {
			isa = XCBuildConfiguration;
			buildSettings = {
				ALWAYS_SEARCH_USER_PATHS = NO;
				CLANG_ANALYZER_NONNULL = YES;
				CLANG_ANALYZER_NUMBER_OBJECT_CONVERSION = YES_AGGRESSIVE;
				CLANG_CXX_LANGUAGE_STANDARD = "gnu++14";
				CLANG_CXX_LIBRARY = "libc++";
				CLANG_ENABLE_MODULES = YES;
				CLANG_ENABLE_OBJC_ARC = YES;
				CLANG_ENABLE_OBJC_WEAK = YES;
				CLANG_WARN_BLOCK_CAPTURE_AUTORELEASING = YES;
				CLANG_WARN_BOOL_CONVERSION = YES;
				CLANG_WARN_COMMA = YES;
				CLANG_WARN_CONSTANT_CONVERSION = YES;
				CLANG_WARN_DEPRECATED_OBJC_IMPLEMENTATIONS = YES;
				CLANG_WARN_DIRECT_OBJC_ISA_USAGE = YES_ERROR;
				CLANG_WARN_DOCUMENTATION_COMMENTS = YES;
				CLANG_WARN_EMPTY_BODY = YES;
				CLANG_WARN_ENUM_CONVERSION = YES;
				CLANG_WARN_INFINITE_RECURSION = YES;
				CLANG_WARN_INT_CONVERSION = YES;
				CLANG_WARN_NON_LITERAL_NULL_CONVERSION = YES;
				CLANG_WARN_OBJC_IMPLICIT_RETAIN_SELF = YES;
				CLANG_WARN_OBJC_LITERAL_CONVERSION = YES;
				CLANG_WARN_OBJC_ROOT_CLASS = YES_ERROR;
				CLANG_WARN_RANGE_LOOP_ANALYSIS = YES;
				CLANG_WARN_STRICT_PROTOTYPES = YES;
				CLANG_WARN_SUSPICIOUS_MOVE = YES;
				CLANG_WARN_UNGUARDED_AVAILABILITY = YES_AGGRESSIVE;
				CLANG_WARN_UNREACHABLE_CODE = YES;
				CLANG_WARN__DUPLICATE_METHOD_MATCH = YES;
				CODE_SIGN_IDENTITY = "iPhone Developer";
				COPY_PHASE_STRIP = NO;
				DEBUG_INFORMATION_FORMAT = "dwarf-with-dsym";
				ENABLE_NS_ASSERTIONS = NO;
				ENABLE_STRICT_OBJC_MSGSEND = YES;
				GCC_C_LANGUAGE_STANDARD = gnu11;
				GCC_NO_COMMON_BLOCKS = YES;
				GCC_WARN_64_TO_32_BIT_CONVERSION = YES;
				GCC_WARN_ABOUT_RETURN_TYPE = YES_ERROR;
				GCC_WARN_UNDECLARED_SELECTOR = YES;
				GCC_WARN_UNINITIALIZED_AUTOS = YES_AGGRESSIVE;
				GCC_WARN_UNUSED_FUNCTION = YES;
				GCC_WARN_UNUSED_VARIABLE = YES;
				IPHONEOS_DEPLOYMENT_TARGET = 12.4;
				MTL_ENABLE_DEBUG_INFO = NO;
				MTL_FAST_MATH = YES;
				SDKROOT = iphoneos;
				SWIFT_COMPILATION_MODE = wholemodule;
				SWIFT_OPTIMIZATION_LEVEL = "-O";
				VALIDATE_PRODUCT = YES;
			};
			name = Release;
		};
		6F67AB1522FD7FB600F4F599 /* Debug */ = {
			isa = XCBuildConfiguration;
			buildSettings = {
				ASSETCATALOG_COMPILER_APPICON_NAME = AppIcon;
				CODE_SIGN_STYLE = Automatic;
				DEVELOPMENT_TEAM = 727Q9XPG67;
				INFOPLIST_FILE = "$(SRCROOT)/DarkWeather/Supporting Files/Info.plist";
				IPHONEOS_DEPLOYMENT_TARGET = 11.0;
				LD_RUNPATH_SEARCH_PATHS = (
					"$(inherited)",
					"@executable_path/Frameworks",
				);
				PRODUCT_BUNDLE_IDENTIFIER = dev.dovgopol.DarkWeather;
				PRODUCT_NAME = "$(TARGET_NAME)";
				SWIFT_VERSION = 5.0;
				TARGETED_DEVICE_FAMILY = 1;
			};
			name = Debug;
		};
		6F67AB1622FD7FB600F4F599 /* Release */ = {
			isa = XCBuildConfiguration;
			buildSettings = {
				ASSETCATALOG_COMPILER_APPICON_NAME = AppIcon;
				CODE_SIGN_STYLE = Automatic;
				DEVELOPMENT_TEAM = 727Q9XPG67;
				INFOPLIST_FILE = "$(SRCROOT)/DarkWeather/Supporting Files/Info.plist";
				IPHONEOS_DEPLOYMENT_TARGET = 11.0;
				LD_RUNPATH_SEARCH_PATHS = (
					"$(inherited)",
					"@executable_path/Frameworks",
				);
				PRODUCT_BUNDLE_IDENTIFIER = dev.dovgopol.DarkWeather;
				PRODUCT_NAME = "$(TARGET_NAME)";
				SWIFT_VERSION = 5.0;
				TARGETED_DEVICE_FAMILY = 1;
			};
			name = Release;
		};
/* End XCBuildConfiguration section */

/* Begin XCConfigurationList section */
		6F67AAFA22FD7FB400F4F599 /* Build configuration list for PBXProject "DarkWeather" */ = {
			isa = XCConfigurationList;
			buildConfigurations = (
				6F67AB1222FD7FB600F4F599 /* Debug */,
				6F67AB1322FD7FB600F4F599 /* Release */,
			);
			defaultConfigurationIsVisible = 0;
			defaultConfigurationName = Release;
		};
		6F67AB1422FD7FB600F4F599 /* Build configuration list for PBXNativeTarget "DarkWeather" */ = {
			isa = XCConfigurationList;
			buildConfigurations = (
				6F67AB1522FD7FB600F4F599 /* Debug */,
				6F67AB1622FD7FB600F4F599 /* Release */,
			);
			defaultConfigurationIsVisible = 0;
			defaultConfigurationName = Release;
		};
/* End XCConfigurationList section */

/* Begin XCVersionGroup section */
		6F67AB0922FD7FB400F4F599 /* DarkWeather.xcdatamodeld */ = {
			isa = XCVersionGroup;
			children = (
				6F67AB0A22FD7FB400F4F599 /* DarkWeather.xcdatamodel */,
			);
			currentVersion = 6F67AB0A22FD7FB400F4F599 /* DarkWeather.xcdatamodel */;
			path = DarkWeather.xcdatamodeld;
			sourceTree = "<group>";
			versionGroupType = wrapper.xcdatamodel;
		};
/* End XCVersionGroup section */
	};
	rootObject = 6F67AAF722FD7FB400F4F599 /* Project object */;
}
